// !$*UTF8*$!
{
	archiveVersion = 1;
	classes = {
	};
	objectVersion = 56;
	objects = {

/* Begin PBXBuildFile section */
		FC54124A2AE9986C00C4B76B /* AppDelegate.swift in Sources */ = {isa = PBXBuildFile; fileRef = FC5412492AE9986C00C4B76B /* AppDelegate.swift */; };
		FC54124C2AE9986C00C4B76B /* SceneDelegate.swift in Sources */ = {isa = PBXBuildFile; fileRef = FC54124B2AE9986C00C4B76B /* SceneDelegate.swift */; };
		FC54124E2AE9986C00C4B76B /* ViewController.swift in Sources */ = {isa = PBXBuildFile; fileRef = FC54124D2AE9986C00C4B76B /* ViewController.swift */; };
		FC5412512AE9986C00C4B76B /* Main.storyboard in Resources */ = {isa = PBXBuildFile; fileRef = FC54124F2AE9986C00C4B76B /* Main.storyboard */; };
		FC5412532AE9986D00C4B76B /* Assets.xcassets in Resources */ = {isa = PBXBuildFile; fileRef = FC5412522AE9986D00C4B76B /* Assets.xcassets */; };
		FC5412562AE9986D00C4B76B /* LaunchScreen.storyboard in Resources */ = {isa = PBXBuildFile; fileRef = FC5412542AE9986D00C4B76B /* LaunchScreen.storyboard */; };
		FCF4A3EB2AEAB093001F9F30 /* UserPositionsViewController.swift in Sources */ = {isa = PBXBuildFile; fileRef = FCF4A3EA2AEAB093001F9F30 /* UserPositionsViewController.swift */; };
		FCF4A3ED2AEAB0A8001F9F30 /* Common.swift in Sources */ = {isa = PBXBuildFile; fileRef = FCF4A3EC2AEAB0A8001F9F30 /* Common.swift */; };
		FCF4A3EF2AEAF441001F9F30 /* PresetsViewController.swift in Sources */ = {isa = PBXBuildFile; fileRef = FCF4A3EE2AEAF441001F9F30 /* PresetsViewController.swift */; };
/* End PBXBuildFile section */

/* Begin PBXFileReference section */
		FC5412462AE9986C00C4B76B /* ARSample.app */ = {isa = PBXFileReference; explicitFileType = wrapper.application; includeInIndex = 0; path = ARSample.app; sourceTree = BUILT_PRODUCTS_DIR; };
		FC5412492AE9986C00C4B76B /* AppDelegate.swift */ = {isa = PBXFileReference; lastKnownFileType = sourcecode.swift; path = AppDelegate.swift; sourceTree = "<group>"; };
		FC54124B2AE9986C00C4B76B /* SceneDelegate.swift */ = {isa = PBXFileReference; lastKnownFileType = sourcecode.swift; path = SceneDelegate.swift; sourceTree = "<group>"; };
		FC54124D2AE9986C00C4B76B /* ViewController.swift */ = {isa = PBXFileReference; lastKnownFileType = sourcecode.swift; path = ViewController.swift; sourceTree = "<group>"; };
		FC5412502AE9986C00C4B76B /* Base */ = {isa = PBXFileReference; lastKnownFileType = file.storyboard; name = Base; path = Base.lproj/Main.storyboard; sourceTree = "<group>"; };
		FC5412522AE9986D00C4B76B /* Assets.xcassets */ = {isa = PBXFileReference; lastKnownFileType = folder.assetcatalog; path = Assets.xcassets; sourceTree = "<group>"; };
		FC5412552AE9986D00C4B76B /* Base */ = {isa = PBXFileReference; lastKnownFileType = file.storyboard; name = Base; path = Base.lproj/LaunchScreen.storyboard; sourceTree = "<group>"; };
		FC5412572AE9986D00C4B76B /* Info.plist */ = {isa = PBXFileReference; lastKnownFileType = text.plist.xml; path = Info.plist; sourceTree = "<group>"; };
		FCF4A3EA2AEAB093001F9F30 /* UserPositionsViewController.swift */ = {isa = PBXFileReference; lastKnownFileType = sourcecode.swift; path = UserPositionsViewController.swift; sourceTree = "<group>"; };
		FCF4A3EC2AEAB0A8001F9F30 /* Common.swift */ = {isa = PBXFileReference; lastKnownFileType = sourcecode.swift; path = Common.swift; sourceTree = "<group>"; };
		FCF4A3EE2AEAF441001F9F30 /* PresetsViewController.swift */ = {isa = PBXFileReference; lastKnownFileType = sourcecode.swift; path = PresetsViewController.swift; sourceTree = "<group>"; };
/* End PBXFileReference section */

/* Begin PBXFrameworksBuildPhase section */
		FC5412432AE9986C00C4B76B /* Frameworks */ = {
			isa = PBXFrameworksBuildPhase;
			buildActionMask = 2147483647;
			files = (
			);
			runOnlyForDeploymentPostprocessing = 0;
		};
/* End PBXFrameworksBuildPhase section */

/* Begin PBXGroup section */
		FC54123D2AE9986C00C4B76B = {
			isa = PBXGroup;
			children = (
				FC5412482AE9986C00C4B76B /* ARSample */,
				FC5412472AE9986C00C4B76B /* Products */,
			);
			sourceTree = "<group>";
		};
		FC5412472AE9986C00C4B76B /* Products */ = {
			isa = PBXGroup;
			children = (
				FC5412462AE9986C00C4B76B /* ARSample.app */,
			);
			name = Products;
			sourceTree = "<group>";
		};
		FC5412482AE9986C00C4B76B /* ARSample */ = {
			isa = PBXGroup;
			children = (
				FC5412492AE9986C00C4B76B /* AppDelegate.swift */,
				FC54124B2AE9986C00C4B76B /* SceneDelegate.swift */,
				FC54124D2AE9986C00C4B76B /* ViewController.swift */,
				FCF4A3EE2AEAF441001F9F30 /* PresetsViewController.swift */,
				FCF4A3EA2AEAB093001F9F30 /* UserPositionsViewController.swift */,
				FCF4A3EC2AEAB0A8001F9F30 /* Common.swift */,
				FC54124F2AE9986C00C4B76B /* Main.storyboard */,
				FC5412522AE9986D00C4B76B /* Assets.xcassets */,
				FC5412542AE9986D00C4B76B /* LaunchScreen.storyboard */,
				FC5412572AE9986D00C4B76B /* Info.plist */,
			);
			path = ARSample;
			sourceTree = "<group>";
		};
/* End PBXGroup section */

/* Begin PBXNativeTarget section */
		FC5412452AE9986C00C4B76B /* ARSample */ = {
			isa = PBXNativeTarget;
			buildConfigurationList = FC54125A2AE9986D00C4B76B /* Build configuration list for PBXNativeTarget "ARSample" */;
			buildPhases = (
				FC5412422AE9986C00C4B76B /* Sources */,
				FC5412432AE9986C00C4B76B /* Frameworks */,
				FC5412442AE9986C00C4B76B /* Resources */,
			);
			buildRules = (
			);
			dependencies = (
			);
			name = ARSample;
			productName = ARSample;
			productReference = FC5412462AE9986C00C4B76B /* ARSample.app */;
			productType = "com.apple.product-type.application";
		};
/* End PBXNativeTarget section */

/* Begin PBXProject section */
		FC54123E2AE9986C00C4B76B /* Project object */ = {
			isa = PBXProject;
			attributes = {
				BuildIndependentTargetsInParallel = 1;
				LastSwiftUpdateCheck = 1500;
				LastUpgradeCheck = 1500;
				TargetAttributes = {
					FC5412452AE9986C00C4B76B = {
						CreatedOnToolsVersion = 15.0;
					};
				};
			};
			buildConfigurationList = FC5412412AE9986C00C4B76B /* Build configuration list for PBXProject "ARSample" */;
			compatibilityVersion = "Xcode 14.0";
			developmentRegion = en;
			hasScannedForEncodings = 0;
			knownRegions = (
				en,
				Base,
			);
			mainGroup = FC54123D2AE9986C00C4B76B;
			productRefGroup = FC5412472AE9986C00C4B76B /* Products */;
			projectDirPath = "";
			projectRoot = "";
			targets = (
				FC5412452AE9986C00C4B76B /* ARSample */,
			);
		};
/* End PBXProject section */

/* Begin PBXResourcesBuildPhase section */
		FC5412442AE9986C00C4B76B /* Resources */ = {
			isa = PBXResourcesBuildPhase;
			buildActionMask = 2147483647;
			files = (
				FC5412562AE9986D00C4B76B /* LaunchScreen.storyboard in Resources */,
				FC5412532AE9986D00C4B76B /* Assets.xcassets in Resources */,
				FC5412512AE9986C00C4B76B /* Main.storyboard in Resources */,
			);
			runOnlyForDeploymentPostprocessing = 0;
		};
/* End PBXResourcesBuildPhase section */

/* Begin PBXSourcesBuildPhase section */
		FC5412422AE9986C00C4B76B /* Sources */ = {
			isa = PBXSourcesBuildPhase;
			buildActionMask = 2147483647;
			files = (
				FCF4A3ED2AEAB0A8001F9F30 /* Common.swift in Sources */,
				FC54124E2AE9986C00C4B76B /* ViewController.swift in Sources */,
				FC54124A2AE9986C00C4B76B /* AppDelegate.swift in Sources */,
				FCF4A3EB2AEAB093001F9F30 /* UserPositionsViewController.swift in Sources */,
				FC54124C2AE9986C00C4B76B /* SceneDelegate.swift in Sources */,
				FCF4A3EF2AEAF441001F9F30 /* PresetsViewController.swift in Sources */,
			);
			runOnlyForDeploymentPostprocessing = 0;
		};
/* End PBXSourcesBuildPhase section */

/* Begin PBXVariantGroup section */
		FC54124F2AE9986C00C4B76B /* Main.storyboard */ = {
			isa = PBXVariantGroup;
			children = (
				FC5412502AE9986C00C4B76B /* Base */,
			);
			name = Main.storyboard;
			sourceTree = "<group>";
		};
		FC5412542AE9986D00C4B76B /* LaunchScreen.storyboard */ = {
			isa = PBXVariantGroup;
			children = (
				FC5412552AE9986D00C4B76B /* Base */,
			);
			name = LaunchScreen.storyboard;
			sourceTree = "<group>";
		};
/* End PBXVariantGroup section */

/* Begin XCBuildConfiguration section */
		FC5412582AE9986D00C4B76B /* Debug */ = {
			isa = XCBuildConfiguration;
			buildSettings = {
				ALWAYS_SEARCH_USER_PATHS = NO;
				ASSETCATALOG_COMPILER_GENERATE_SWIFT_ASSET_SYMBOL_EXTENSIONS = YES;
				CLANG_ANALYZER_NONNULL = YES;
				CLANG_ANALYZER_NUMBER_OBJECT_CONVERSION = YES_AGGRESSIVE;
				CLANG_CXX_LANGUAGE_STANDARD = "gnu++20";
				CLANG_ENABLE_MODULES = YES;
				CLANG_ENABLE_OBJC_ARC = YES;
				CLANG_ENABLE_OBJC_WEAK = YES;
				CLANG_WARN_BLOCK_CAPTURE_AUTORELEASING = YES;
				CLANG_WARN_BOOL_CONVERSION = YES;
				CLANG_WARN_COMMA = YES;
				CLANG_WARN_CONSTANT_CONVERSION = YES;
				CLANG_WARN_DEPRECATED_OBJC_IMPLEMENTATIONS = YES;
				CLANG_WARN_DIRECT_OBJC_ISA_USAGE = YES_ERROR;
				CLANG_WARN_DOCUMENTATION_COMMENTS = YES;
				CLANG_WARN_EMPTY_BODY = YES;
				CLANG_WARN_ENUM_CONVERSION = YES;
				CLANG_WARN_INFINITE_RECURSION = YES;
				CLANG_WARN_INT_CONVERSION = YES;
				CLANG_WARN_NON_LITERAL_NULL_CONVERSION = YES;
				CLANG_WARN_OBJC_IMPLICIT_RETAIN_SELF = YES;
				CLANG_WARN_OBJC_LITERAL_CONVERSION = YES;
				CLANG_WARN_OBJC_ROOT_CLASS = YES_ERROR;
				CLANG_WARN_QUOTED_INCLUDE_IN_FRAMEWORK_HEADER = YES;
				CLANG_WARN_RANGE_LOOP_ANALYSIS = YES;
				CLANG_WARN_STRICT_PROTOTYPES = YES;
				CLANG_WARN_SUSPICIOUS_MOVE = YES;
				CLANG_WARN_UNGUARDED_AVAILABILITY = YES_AGGRESSIVE;
				CLANG_WARN_UNREACHABLE_CODE = YES;
				CLANG_WARN__DUPLICATE_METHOD_MATCH = YES;
				COPY_PHASE_STRIP = NO;
				DEBUG_INFORMATION_FORMAT = dwarf;
				ENABLE_STRICT_OBJC_MSGSEND = YES;
				ENABLE_TESTABILITY = YES;
				ENABLE_USER_SCRIPT_SANDBOXING = YES;
				GCC_C_LANGUAGE_STANDARD = gnu17;
				GCC_DYNAMIC_NO_PIC = NO;
				GCC_NO_COMMON_BLOCKS = YES;
				GCC_OPTIMIZATION_LEVEL = 0;
				GCC_PREPROCESSOR_DEFINITIONS = (
					"DEBUG=1",
					"$(inherited)",
				);
				GCC_WARN_64_TO_32_BIT_CONVERSION = YES;
				GCC_WARN_ABOUT_RETURN_TYPE = YES_ERROR;
				GCC_WARN_UNDECLARED_SELECTOR = YES;
				GCC_WARN_UNINITIALIZED_AUTOS = YES_AGGRESSIVE;
				GCC_WARN_UNUSED_FUNCTION = YES;
				GCC_WARN_UNUSED_VARIABLE = YES;
				IPHONEOS_DEPLOYMENT_TARGET = 17.0;
				LOCALIZATION_PREFERS_STRING_CATALOGS = YES;
				MTL_ENABLE_DEBUG_INFO = INCLUDE_SOURCE;
				MTL_FAST_MATH = YES;
				ONLY_ACTIVE_ARCH = YES;
				SDKROOT = iphoneos;
				SWIFT_ACTIVE_COMPILATION_CONDITIONS = "DEBUG $(inherited)";
				SWIFT_OPTIMIZATION_LEVEL = "-Onone";
			};
			name = Debug;
		};
		FC5412592AE9986D00C4B76B /* Release */ = {
			isa = XCBuildConfiguration;
			buildSettings = {
				ALWAYS_SEARCH_USER_PATHS = NO;
				ASSETCATALOG_COMPILER_GENERATE_SWIFT_ASSET_SYMBOL_EXTENSIONS = YES;
				CLANG_ANALYZER_NONNULL = YES;
				CLANG_ANALYZER_NUMBER_OBJECT_CONVERSION = YES_AGGRESSIVE;
				CLANG_CXX_LANGUAGE_STANDARD = "gnu++20";
				CLANG_ENABLE_MODULES = YES;
				CLANG_ENABLE_OBJC_ARC = YES;
				CLANG_ENABLE_OBJC_WEAK = YES;
				CLANG_WARN_BLOCK_CAPTURE_AUTORELEASING = YES;
				CLANG_WARN_BOOL_CONVERSION = YES;
				CLANG_WARN_COMMA = YES;
				CLANG_WARN_CONSTANT_CONVERSION = YES;
				CLANG_WARN_DEPRECATED_OBJC_IMPLEMENTATIONS = YES;
				CLANG_WARN_DIRECT_OBJC_ISA_USAGE = YES_ERROR;
				CLANG_WARN_DOCUMENTATION_COMMENTS = YES;
				CLANG_WARN_EMPTY_BODY = YES;
				CLANG_WARN_ENUM_CONVERSION = YES;
				CLANG_WARN_INFINITE_RECURSION = YES;
				CLANG_WARN_INT_CONVERSION = YES;
				CLANG_WARN_NON_LITERAL_NULL_CONVERSION = YES;
				CLANG_WARN_OBJC_IMPLICIT_RETAIN_SELF = YES;
				CLANG_WARN_OBJC_LITERAL_CONVERSION = YES;
				CLANG_WARN_OBJC_ROOT_CLASS = YES_ERROR;
				CLANG_WARN_QUOTED_INCLUDE_IN_FRAMEWORK_HEADER = YES;
				CLANG_WARN_RANGE_LOOP_ANALYSIS = YES;
				CLANG_WARN_STRICT_PROTOTYPES = YES;
				CLANG_WARN_SUSPICIOUS_MOVE = YES;
				CLANG_WARN_UNGUARDED_AVAILABILITY = YES_AGGRESSIVE;
				CLANG_WARN_UNREACHABLE_CODE = YES;
				CLANG_WARN__DUPLICATE_METHOD_MATCH = YES;
				COPY_PHASE_STRIP = NO;
				DEBUG_INFORMATION_FORMAT = "dwarf-with-dsym";
				ENABLE_NS_ASSERTIONS = NO;
				ENABLE_STRICT_OBJC_MSGSEND = YES;
				ENABLE_USER_SCRIPT_SANDBOXING = YES;
				GCC_C_LANGUAGE_STANDARD = gnu17;
				GCC_NO_COMMON_BLOCKS = YES;
				GCC_WARN_64_TO_32_BIT_CONVERSION = YES;
				GCC_WARN_ABOUT_RETURN_TYPE = YES_ERROR;
				GCC_WARN_UNDECLARED_SELECTOR = YES;
				GCC_WARN_UNINITIALIZED_AUTOS = YES_AGGRESSIVE;
				GCC_WARN_UNUSED_FUNCTION = YES;
				GCC_WARN_UNUSED_VARIABLE = YES;
				IPHONEOS_DEPLOYMENT_TARGET = 17.0;
				LOCALIZATION_PREFERS_STRING_CATALOGS = YES;
				MTL_ENABLE_DEBUG_INFO = NO;
				MTL_FAST_MATH = YES;
				SDKROOT = iphoneos;
				SWIFT_COMPILATION_MODE = wholemodule;
				VALIDATE_PRODUCT = YES;
			};
			name = Release;
		};
		FC54125B2AE9986D00C4B76B /* Debug */ = {
			isa = XCBuildConfiguration;
			buildSettings = {
				ASSETCATALOG_COMPILER_APPICON_NAME = AppIcon;
				ASSETCATALOG_COMPILER_GLOBAL_ACCENT_COLOR_NAME = AccentColor;
				CODE_SIGN_STYLE = Automatic;
				CURRENT_PROJECT_VERSION = 1;
				DEVELOPMENT_TEAM = TD2383UF5W;
				GENERATE_INFOPLIST_FILE = YES;
				INFOPLIST_FILE = ARSample/Info.plist;
				INFOPLIST_KEY_NSCameraUsageDescription = "AR Camera Needed";
				INFOPLIST_KEY_UIApplicationSupportsIndirectInputEvents = YES;
				INFOPLIST_KEY_UILaunchStoryboardName = LaunchScreen;
				INFOPLIST_KEY_UIMainStoryboardFile = Main;
				INFOPLIST_KEY_UISupportedInterfaceOrientations_iPad = "UIInterfaceOrientationPortrait UIInterfaceOrientationPortraitUpsideDown UIInterfaceOrientationLandscapeLeft UIInterfaceOrientationLandscapeRight";
				INFOPLIST_KEY_UISupportedInterfaceOrientations_iPhone = "UIInterfaceOrientationPortrait UIInterfaceOrientationLandscapeLeft UIInterfaceOrientationLandscapeRight";
				IPHONEOS_DEPLOYMENT_TARGET = 16.0;
				LD_RUNPATH_SEARCH_PATHS = (
					"$(inherited)",
					"@executable_path/Frameworks",
				);
				MARKETING_VERSION = 1.0;
				PRODUCT_BUNDLE_IDENTIFIER = com.DonMag.ARSample;
				PRODUCT_NAME = "$(TARGET_NAME)";
				SWIFT_EMIT_LOC_STRINGS = YES;
				SWIFT_VERSION = 5.0;
				TARGETED_DEVICE_FAMILY = "1,2";
			};
			name = Debug;
		};
		FC54125C2AE9986D00C4B76B /* Release */ = {
			isa = XCBuildConfiguration;
			buildSettings = {
				ASSETCATALOG_COMPILER_APPICON_NAME = AppIcon;
				ASSETCATALOG_COMPILER_GLOBAL_ACCENT_COLOR_NAME = AccentColor;
				CODE_SIGN_STYLE = Automatic;
				CURRENT_PROJECT_VERSION = 1;
				DEVELOPMENT_TEAM = TD2383UF5W;
				GENERATE_INFOPLIST_FILE = YES;
				INFOPLIST_FILE = ARSample/Info.plist;
				INFOPLIST_KEY_NSCameraUsageDescription = "AR Camera Needed";
				INFOPLIST_KEY_UIApplicationSupportsIndirectInputEvents = YES;
				INFOPLIST_KEY_UILaunchStoryboardName = LaunchScreen;
				INFOPLIST_KEY_UIMainStoryboardFile = Main;
				INFOPLIST_KEY_UISupportedInterfaceOrientations_iPad = "UIInterfaceOrientationPortrait UIInterfaceOrientationPortraitUpsideDown UIInterfaceOrientationLandscapeLeft UIInterfaceOrientationLandscapeRight";
				INFOPLIST_KEY_UISupportedInterfaceOrientations_iPhone = "UIInterfaceOrientationPortrait UIInterfaceOrientationLandscapeLeft UIInterfaceOrientationLandscapeRight";
				IPHONEOS_DEPLOYMENT_TARGET = 16.0;
				LD_RUNPATH_SEARCH_PATHS = (
					"$(inherited)",
					"@executable_path/Frameworks",
				);
				MARKETING_VERSION = 1.0;
				PRODUCT_BUNDLE_IDENTIFIER = com.DonMag.ARSample;
				PRODUCT_NAME = "$(TARGET_NAME)";
				SWIFT_EMIT_LOC_STRINGS = YES;
				SWIFT_VERSION = 5.0;
				TARGETED_DEVICE_FAMILY = "1,2";
			};
			name = Release;
		};
/* End XCBuildConfiguration section */

/* Begin XCConfigurationList section */
		FC5412412AE9986C00C4B76B /* Build configuration list for PBXProject "ARSample" */ = {
			isa = XCConfigurationList;
			buildConfigurations = (
				FC5412582AE9986D00C4B76B /* Debug */,
				FC5412592AE9986D00C4B76B /* Release */,
			);
			defaultConfigurationIsVisible = 0;
			defaultConfigurationName = Release;
		};
		FC54125A2AE9986D00C4B76B /* Build configuration list for PBXNativeTarget "ARSample" */ = {
			isa = XCConfigurationList;
			buildConfigurations = (
				FC54125B2AE9986D00C4B76B /* Debug */,
				FC54125C2AE9986D00C4B76B /* Release */,
			);
			defaultConfigurationIsVisible = 0;
			defaultConfigurationName = Release;
		};
/* End XCConfigurationList section */
	};
	rootObject = FC54123E2AE9986C00C4B76B /* Project object */;
}
